{
  "name": "client",
  "version": "0.0.1",
  "lockfileVersion": 1,
  "requires": true,
  "dependencies": {
    "vue-sticky": {
      "version": "3.3.4",
      "resolved": "https://registry.npmjs.org/vue-sticky/-/vue-sticky-3.3.4.tgz",
      "integrity": "sha512-7Hcvw7MjzyQo3/rb2R2LvuxiIymJv49Gg6pXslFDjTr7UZoFxFvp8QYG1WFfKuk8V8eZHRKi1QD5dxRMQkm2OQ=="
    },
    "vue-upload-component": {
      "version": "2.8.20",
      "resolved": "https://registry.npmjs.org/vue-upload-component/-/vue-upload-component-2.8.20.tgz",
      "integrity": "sha512-zrnJvULu4rnZe36Ib2/AZrI/h/mmNbUJZ+acZD652PyumzbvjCOQeYHe00sGifTdYjzzS66CwhTT+ubZ2D0Aow=="
    }
  }
}
