{
  "name": "client",
  "version": "0.0.1",
  "lockfileVersion": 1,
  "requires": true,
  "dependencies": {
    "eslint-plugin-eslint-snake-case": {
      "version": "0.0.6",
      "resolved": "https://registry.npmjs.org/eslint-plugin-eslint-snake-case/-/eslint-plugin-eslint-snake-case-0.0.6.tgz",
      "integrity": "sha1-K4pMb9Terzy8LgOizXm1DsiULRM=",
      "requires": {
        "requireindex": "~1.1.0"
      }
    },
    "requireindex": {
      "version": "1.1.0",
      "resolved": "https://registry.npmjs.org/requireindex/-/requireindex-1.1.0.tgz",
      "integrity": "sha1-5UBLgVV+91225JxacgBIk/4D4WI="
    }
  }
}
