{
  "name": "client",
  "version": "0.0.1",
  "lockfileVersion": 1,
  "requires": true,
  "dependencies": {
    "apollo-link-rest": {
      "version": "0.7.3",
      "resolved": "https://registry.npmjs.org/apollo-link-rest/-/apollo-link-rest-0.7.3.tgz",
      "integrity": "sha512-Cu60ZO/7de9preDsH3N3zHL40mrMfwgGbxPDdDEqRbes1Ms+DSRqBMv5yB641dSjSeZHKQW1ikQwc8GA8dBJKA=="
    },
    "eslint-plugin-eslint-snake-case": {
      "version": "0.0.6",
      "resolved": "https://registry.npmjs.org/eslint-plugin-eslint-snake-case/-/eslint-plugin-eslint-snake-case-0.0.6.tgz",
      "integrity": "sha1-K4pMb9Terzy8LgOizXm1DsiULRM=",
      "requires": {
        "requireindex": "~1.1.0"
      }
    },
    "requireindex": {
      "version": "1.1.0",
      "resolved": "https://registry.npmjs.org/requireindex/-/requireindex-1.1.0.tgz",
      "integrity": "sha1-5UBLgVV+91225JxacgBIk/4D4WI="
    },
    "vue-gallery-slideshow": {
      "version": "1.5.0",
      "resolved": "https://registry.npmjs.org/vue-gallery-slideshow/-/vue-gallery-slideshow-1.5.0.tgz",
      "integrity": "sha512-LMl9rRRG7X9OVoOhBH4uBL2/+ABTJvoZzh/qQtwk56dtkQ9ahkrP/LXKSMCh4ZdmUIgHM1abmQ0JYv/IW1UtYA=="
    },
    "vue-infinite-loading": {
      "version": "2.4.4",
      "resolved": "https://registry.npmjs.org/vue-infinite-loading/-/vue-infinite-loading-2.4.4.tgz",
      "integrity": "sha512-eIFBcyKqkivtsDDq7Ee5ybDJVGLxIzU1NcBJCHG7Zx9Ic66QEGzSPs2OPJlGUdtu0/RS7KpUER35ZP/a7FdSOg=="
    }
  }
}
