{
  "name": "ajounice",
  "version": "0.0.1",
  "lockfileVersion": 1,
  "requires": true,
  "dependencies": {
    "core-js": {
      "version": "2.6.4",
      "resolved": "https://registry.npmjs.org/core-js/-/core-js-2.6.4.tgz",
      "integrity": "sha512-05qQ5hXShcqGkPZpXEFLIpxayZscVD2kuMBZewxiIPPEagukO4mqgPA9CWhUvFBJfy3ODdK2p9xyHh7FTU9/7A=="
    }
  }
}
